<?xml version="1.0" encoding="utf-8"?>
<Project ToolsVersion="4.0" xmlns="http://schemas.microsoft.com/developer/msbuild/2003">
  <ItemGroup>
    <Filter Include="src">
      <UniqueIdentifier>{9716ed3e-cbad-4b13-8a7d-25dd0fabece0}</UniqueIdentifier>
    </Filter>
    <Filter Include="tests">
      <UniqueIdentifier>{eb7e1d23-225d-4fd1-91e6-377bc6476ab1}</UniqueIdentifier>
    </Filter>
    <Filter Include="src\common">
      <UniqueIdentifier>{721c3993-b4d1-450b-b958-1ab746ad0804}</UniqueIdentifier>
    </Filter>
  </ItemGroup>
  <ItemGroup>
    <ClInclude Include="..\src\common\common.h">
      <Filter>src\common</Filter>
    </ClInclude>
    <ClInclude Include="..\src\common\lock.h">
      <Filter>src\common</Filter>
    </ClInclude>
    <ClInclude Include="..\src\common\rundown_protection.h">
      <Filter>src\common</Filter>
    </ClInclude>
    <ClInclude Include="..\src\common\timer.h">
      <Filter>src\common</Filter>
    </ClInclude>
    <ClInclude Include="..\tests\test.h">
      <Filter>tests</Filter>
    </ClInclude>
    <ClInclude Include="..\src\common\assertion.h">
      <Filter>src\common</Filter>
    </ClInclude>
    <ClInclude Include="..\src\common\log.h">
      <Filter>src\common</Filter>
    </ClInclude>
    <ClInclude Include="..\src\net.h">
      <Filter>src</Filter>
    </ClInclude>
    <ClInclude Include="..\src\sendrecv.h">
      <Filter>src</Filter>
    </ClInclude>
    <ClInclude Include="..\src\connection.h">
      <Filter>src</Filter>
    </ClInclude>
    <ClInclude Include="..\src\environment.h">
      <Filter>src</Filter>
    </ClInclude>
    <ClInclude Include="..\src\listener.h">
      <Filter>src</Filter>
    </ClInclude>
    <ClInclude Include="..\src\common\tsqueue.h">
      <Filter>src\common</Filter>
    </ClInclude>
    <ClInclude Include="..\src\common\endpoint.h">
      <Filter>src\common</Filter>
    </ClInclude>
  </ItemGroup>
  <ItemGroup>
    <ClCompile Include="..\tests\driver.cpp">
      <Filter>tests</Filter>
    </ClCompile>
    <ClCompile Include="..\tests\test_lock.cpp">
      <Filter>tests</Filter>
    </ClCompile>
    <ClCompile Include="..\tests\test_rundown_protection.cpp">
      <Filter>tests</Filter>
    </ClCompile>
    <ClCompile Include="..\src\net.cpp">
      <Filter>src</Filter>
    </ClCompile>
    <ClCompile Include="..\src\connection.cpp">
      <Filter>src</Filter>
    </ClCompile>
    <ClCompile Include="..\src\environment.cpp">
      <Filter>src</Filter>
    </ClCompile>
    <ClCompile Include="..\src\listener.cpp">
      <Filter>src</Filter>
    </ClCompile>
    <ClCompile Include="..\src\common\common.cpp">
      <Filter>src\common</Filter>
    </ClCompile>
    <ClCompile Include="..\tests\test_socket_echo_simple.cpp">
      <Filter>tests</Filter>
    </ClCompile>
    <ClCompile Include="..\tests\test_socket_echo_many_round.cpp">
      <Filter>tests</Filter>
    </ClCompile>
  </ItemGroup>
</Project>